
Microsoft Visual Studio Solution File, Format Version 12.00
# Visual Studio Version 17
VisualStudioVersion = 17.4.33213.308
MinimumVisualStudioVersion = 10.0.40219.1
Project("{9A19103F-16F7-4668-BE54-9A1E7A4F7556}") = "Core", "Core\Core.csproj", "{74729195-C279-459F-ACA4-7F0A9888C11A}"
EndProject
Project("{9A19103F-16F7-4668-BE54-9A1E7A4F7556}") = "Business", "Business\Business.csproj", "{1A74A3D8-692B-44F7-B68E-F16CBB6F45EA}"
EndProject
Project("{9A19103F-16F7-4668-BE54-9A1E7A4F7556}") = "DataAccess", "DataAccess\DataAccess.csproj", "{4C869CE2-1CF7-4AA6-A936-09660367D485}"
EndProject
Project("{9A19103F-16F7-4668-BE54-9A1E7A4F7556}") = "WebAPI", "WebAPI\WebAPI.csproj", "{3C8E8EAD-4788-4107-A90C-4D29350F35D2}"
EndProject
Project("{9A19103F-16F7-4668-BE54-9A1E7A4F7556}") = "Entity", "Entity\Entity.csproj", "{5698671E-A2E9-487E-A425-E7D5B5212D8E}"
EndProject
Global
	GlobalSection(SolutionConfigurationPlatforms) = preSolution
		Debug|Any CPU = Debug|Any CPU
		Release|Any CPU = Release|Any CPU
	EndGlobalSection
	GlobalSection(ProjectConfigurationPlatforms) = postSolution
		{74729195-C279-459F-ACA4-7F0A9888C11A}.Debug|Any CPU.ActiveCfg = Debug|Any CPU
		{74729195-C279-459F-ACA4-7F0A9888C11A}.Debug|Any CPU.Build.0 = Debug|Any CPU
		{74729195-C279-459F-ACA4-7F0A9888C11A}.Release|Any CPU.ActiveCfg = Release|Any CPU
		{74729195-C279-459F-ACA4-7F0A9888C11A}.Release|Any CPU.Build.0 = Release|Any CPU
		{1A74A3D8-692B-44F7-B68E-F16CBB6F45EA}.Debug|Any CPU.ActiveCfg = Debug|Any CPU
		{1A74A3D8-692B-44F7-B68E-F16CBB6F45EA}.Debug|Any CPU.Build.0 = Debug|Any CPU
		{1A74A3D8-692B-44F7-B68E-F16CBB6F45EA}.Release|Any CPU.ActiveCfg = Release|Any CPU
		{1A74A3D8-692B-44F7-B68E-F16CBB6F45EA}.Release|Any CPU.Build.0 = Release|Any CPU
		{4C869CE2-1CF7-4AA6-A936-09660367D485}.Debug|Any CPU.ActiveCfg = Debug|Any CPU
		{4C869CE2-1CF7-4AA6-A936-09660367D485}.Debug|Any CPU.Build.0 = Debug|Any CPU
		{4C869CE2-1CF7-4AA6-A936-09660367D485}.Release|Any CPU.ActiveCfg = Release|Any CPU
		{4C869CE2-1CF7-4AA6-A936-09660367D485}.Release|Any CPU.Build.0 = Release|Any CPU
		{3C8E8EAD-4788-4107-A90C-4D29350F35D2}.Debug|Any CPU.ActiveCfg = Debug|Any CPU
		{3C8E8EAD-4788-4107-A90C-4D29350F35D2}.Debug|Any CPU.Build.0 = Debug|Any CPU
		{3C8E8EAD-4788-4107-A90C-4D29350F35D2}.Release|Any CPU.ActiveCfg = Release|Any CPU
		{3C8E8EAD-4788-4107-A90C-4D29350F35D2}.Release|Any CPU.Build.0 = Release|Any CPU
		{5698671E-A2E9-487E-A425-E7D5B5212D8E}.Debug|Any CPU.ActiveCfg = Debug|Any CPU
		{5698671E-A2E9-487E-A425-E7D5B5212D8E}.Debug|Any CPU.Build.0 = Debug|Any CPU
		{5698671E-A2E9-487E-A425-E7D5B5212D8E}.Release|Any CPU.ActiveCfg = Release|Any CPU
		{5698671E-A2E9-487E-A425-E7D5B5212D8E}.Release|Any CPU.Build.0 = Release|Any CPU
	EndGlobalSection
	GlobalSection(SolutionProperties) = preSolution
		HideSolutionNode = FALSE
	EndGlobalSection
	GlobalSection(ExtensibilityGlobals) = postSolution
		SolutionGuid = {D27B8803-B558-4BFF-A3B2-17FCF37F0225}
	EndGlobalSection
EndGlobal
